// !$*UTF8*$!
{
	archiveVersion = 1;
	classes = {
	};
	objectVersion = 48;
	objects = {

/* Begin PBXBuildFile section */
		9DDAA7DF214F906B008DCED1 /* AppDelegate.m in Sources */ = {isa = PBXBuildFile; fileRef = 9DDAA7DE214F906B008DCED1 /* AppDelegate.m */; };
		9DDAA7E7214F906B008DCED1 /* Assets.xcassets in Resources */ = {isa = PBXBuildFile; fileRef = 9DDAA7E6214F906B008DCED1 /* Assets.xcassets */; };
		9DDAA7EA214F906B008DCED1 /* LaunchScreen.storyboard in Resources */ = {isa = PBXBuildFile; fileRef = 9DDAA7E8214F906B008DCED1 /* LaunchScreen.storyboard */; };
		9DDAA7ED214F906B008DCED1 /* main.m in Sources */ = {isa = PBXBuildFile; fileRef = 9DDAA7EC214F906B008DCED1 /* main.m */; };
		9DDAA7F6214F90B2008DCED1 /* MZCountDownManager.m in Sources */ = {isa = PBXBuildFile; fileRef = 9DDAA7F5214F90B2008DCED1 /* MZCountDownManager.m */; };
		9DDAA813214FA9A4008DCED1 /* TwoViewController.m in Sources */ = {isa = PBXBuildFile; fileRef = 9DDAA808214FA9A4008DCED1 /* TwoViewController.m */; };
		9DDAA814214FA9A4008DCED1 /* TwoViewController.xib in Resources */ = {isa = PBXBuildFile; fileRef = 9DDAA809214FA9A4008DCED1 /* TwoViewController.xib */; };
		9DDAA815214FA9A4008DCED1 /* ViewController.m in Sources */ = {isa = PBXBuildFile; fileRef = 9DDAA80B214FA9A4008DCED1 /* ViewController.m */; };
		9DDAA816214FA9A4008DCED1 /* TableViewCell.m in Sources */ = {isa = PBXBuildFile; fileRef = 9DDAA80E214FA9A4008DCED1 /* TableViewCell.m */; };
		9DDAA817214FA9A4008DCED1 /* TableViewCell.xib in Resources */ = {isa = PBXBuildFile; fileRef = 9DDAA80F214FA9A4008DCED1 /* TableViewCell.xib */; };
		9DDAA818214FA9A4008DCED1 /* TwoTableViewCell.m in Sources */ = {isa = PBXBuildFile; fileRef = 9DDAA811214FA9A4008DCED1 /* TwoTableViewCell.m */; };
		9DDAA819214FA9A4008DCED1 /* TwoTableViewCell.xib in Resources */ = {isa = PBXBuildFile; fileRef = 9DDAA812214FA9A4008DCED1 /* TwoTableViewCell.xib */; };
/* End PBXBuildFile section */

/* Begin PBXFileReference section */
		9DDAA7DA214F906B008DCED1 /* TimeDown.app */ = {isa = PBXFileReference; explicitFileType = wrapper.application; includeInIndex = 0; path = TimeDown.app; sourceTree = BUILT_PRODUCTS_DIR; };
		9DDAA7DD214F906B008DCED1 /* AppDelegate.h */ = {isa = PBXFileReference; lastKnownFileType = sourcecode.c.h; path = AppDelegate.h; sourceTree = "<group>"; };
		9DDAA7DE214F906B008DCED1 /* AppDelegate.m */ = {isa = PBXFileReference; lastKnownFileType = sourcecode.c.objc; path = AppDelegate.m; sourceTree = "<group>"; };
		9DDAA7E6214F906B008DCED1 /* Assets.xcassets */ = {isa = PBXFileReference; lastKnownFileType = folder.assetcatalog; path = Assets.xcassets; sourceTree = "<group>"; };
		9DDAA7E9214F906B008DCED1 /* Base */ = {isa = PBXFileReference; lastKnownFileType = file.storyboard; name = Base; path = Base.lproj/LaunchScreen.storyboard; sourceTree = "<group>"; };
		9DDAA7EB214F906B008DCED1 /* Info.plist */ = {isa = PBXFileReference; lastKnownFileType = text.plist.xml; path = Info.plist; sourceTree = "<group>"; };
		9DDAA7EC214F906B008DCED1 /* main.m */ = {isa = PBXFileReference; lastKnownFileType = sourcecode.c.objc; path = main.m; sourceTree = "<group>"; };
		9DDAA7F4214F90B2008DCED1 /* MZCountDownManager.h */ = {isa = PBXFileReference; fileEncoding = 4; lastKnownFileType = sourcecode.c.h; path = MZCountDownManager.h; sourceTree = "<group>"; };
		9DDAA7F5214F90B2008DCED1 /* MZCountDownManager.m */ = {isa = PBXFileReference; fileEncoding = 4; lastKnownFileType = sourcecode.c.objc; path = MZCountDownManager.m; sourceTree = "<group>"; };
		9DDAA807214FA9A4008DCED1 /* TwoViewController.h */ = {isa = PBXFileReference; fileEncoding = 4; lastKnownFileType = sourcecode.c.h; path = TwoViewController.h; sourceTree = "<group>"; };
		9DDAA808214FA9A4008DCED1 /* TwoViewController.m */ = {isa = PBXFileReference; fileEncoding = 4; lastKnownFileType = sourcecode.c.objc; path = TwoViewController.m; sourceTree = "<group>"; };
		9DDAA809214FA9A4008DCED1 /* TwoViewController.xib */ = {isa = PBXFileReference; fileEncoding = 4; lastKnownFileType = file.xib; path = TwoViewController.xib; sourceTree = "<group>"; };
		9DDAA80A214FA9A4008DCED1 /* ViewController.h */ = {isa = PBXFileReference; fileEncoding = 4; lastKnownFileType = sourcecode.c.h; path = ViewController.h; sourceTree = "<group>"; };
		9DDAA80B214FA9A4008DCED1 /* ViewController.m */ = {isa = PBXFileReference; fileEncoding = 4; lastKnownFileType = sourcecode.c.objc; path = ViewController.m; sourceTree = "<group>"; };
		9DDAA80D214FA9A4008DCED1 /* TableViewCell.h */ = {isa = PBXFileReference; fileEncoding = 4; lastKnownFileType = sourcecode.c.h; path = TableViewCell.h; sourceTree = "<group>"; };
		9DDAA80E214FA9A4008DCED1 /* TableViewCell.m */ = {isa = PBXFileReference; fileEncoding = 4; lastKnownFileType = sourcecode.c.objc; path = TableViewCell.m; sourceTree = "<group>"; };
		9DDAA80F214FA9A4008DCED1 /* TableViewCell.xib */ = {isa = PBXFileReference; fileEncoding = 4; lastKnownFileType = file.xib; path = TableViewCell.xib; sourceTree = "<group>"; };
		9DDAA810214FA9A4008DCED1 /* TwoTableViewCell.h */ = {isa = PBXFileReference; fileEncoding = 4; lastKnownFileType = sourcecode.c.h; path = TwoTableViewCell.h; sourceTree = "<group>"; };
		9DDAA811214FA9A4008DCED1 /* TwoTableViewCell.m */ = {isa = PBXFileReference; fileEncoding = 4; lastKnownFileType = sourcecode.c.objc; path = TwoTableViewCell.m; sourceTree = "<group>"; };
		9DDAA812214FA9A4008DCED1 /* TwoTableViewCell.xib */ = {isa = PBXFileReference; fileEncoding = 4; lastKnownFileType = file.xib; path = TwoTableViewCell.xib; sourceTree = "<group>"; };
/* End PBXFileReference section */

/* Begin PBXFrameworksBuildPhase section */
		9DDAA7D7214F906B008DCED1 /* Frameworks */ = {
			isa = PBXFrameworksBuildPhase;
			buildActionMask = 2147483647;
			files = (
			);
			runOnlyForDeploymentPostprocessing = 0;
		};
/* End PBXFrameworksBuildPhase section */

/* Begin PBXGroup section */
		9DDAA7D1214F906B008DCED1 = {
			isa = PBXGroup;
			children = (
				9DDAA7DC214F906B008DCED1 /* TimeDown */,
				9DDAA7DB214F906B008DCED1 /* Products */,
			);
			sourceTree = "<group>";
		};
		9DDAA7DB214F906B008DCED1 /* Products */ = {
			isa = PBXGroup;
			children = (
				9DDAA7DA214F906B008DCED1 /* TimeDown.app */,
			);
			name = Products;
			sourceTree = "<group>";
		};
		9DDAA7DC214F906B008DCED1 /* TimeDown */ = {
			isa = PBXGroup;
			children = (
				9DDAA80C214FA9A4008DCED1 /* cell */,
				9DDAA806214FA9A4008DCED1 /* controller */,
				9DDAA7F3214F90A3008DCED1 /* MZTimeManager */,
				9DDAA7DD214F906B008DCED1 /* AppDelegate.h */,
				9DDAA7DE214F906B008DCED1 /* AppDelegate.m */,
				9DDAA7E6214F906B008DCED1 /* Assets.xcassets */,
				9DDAA7E8214F906B008DCED1 /* LaunchScreen.storyboard */,
				9DDAA7EB214F906B008DCED1 /* Info.plist */,
				9DDAA7EC214F906B008DCED1 /* main.m */,
			);
			path = TimeDown;
			sourceTree = "<group>";
		};
		9DDAA7F3214F90A3008DCED1 /* MZTimeManager */ = {
			isa = PBXGroup;
			children = (
				9DDAA7F4214F90B2008DCED1 /* MZCountDownManager.h */,
				9DDAA7F5214F90B2008DCED1 /* MZCountDownManager.m */,
			);
			path = MZTimeManager;
			sourceTree = "<group>";
		};
		9DDAA806214FA9A4008DCED1 /* controller */ = {
			isa = PBXGroup;
			children = (
				9DDAA807214FA9A4008DCED1 /* TwoViewController.h */,
				9DDAA808214FA9A4008DCED1 /* TwoViewController.m */,
				9DDAA809214FA9A4008DCED1 /* TwoViewController.xib */,
				9DDAA80A214FA9A4008DCED1 /* ViewController.h */,
				9DDAA80B214FA9A4008DCED1 /* ViewController.m */,
			);
			path = controller;
			sourceTree = "<group>";
		};
		9DDAA80C214FA9A4008DCED1 /* cell */ = {
			isa = PBXGroup;
			children = (
				9DDAA80D214FA9A4008DCED1 /* TableViewCell.h */,
				9DDAA80E214FA9A4008DCED1 /* TableViewCell.m */,
				9DDAA80F214FA9A4008DCED1 /* TableViewCell.xib */,
				9DDAA810214FA9A4008DCED1 /* TwoTableViewCell.h */,
				9DDAA811214FA9A4008DCED1 /* TwoTableViewCell.m */,
				9DDAA812214FA9A4008DCED1 /* TwoTableViewCell.xib */,
			);
			path = cell;
			sourceTree = "<group>";
		};
/* End PBXGroup section */

/* Begin PBXNativeTarget section */
		9DDAA7D9214F906B008DCED1 /* TimeDown */ = {
			isa = PBXNativeTarget;
			buildConfigurationList = 9DDAA7F0214F906B008DCED1 /* Build configuration list for PBXNativeTarget "TimeDown" */;
			buildPhases = (
				9DDAA7D6214F906B008DCED1 /* Sources */,
				9DDAA7D7214F906B008DCED1 /* Frameworks */,
				9DDAA7D8214F906B008DCED1 /* Resources */,
			);
			buildRules = (
			);
			dependencies = (
			);
			name = TimeDown;
			productName = TimeDown;
			productReference = 9DDAA7DA214F906B008DCED1 /* TimeDown.app */;
			productType = "com.apple.product-type.application";
		};
/* End PBXNativeTarget section */

/* Begin PBXProject section */
		9DDAA7D2214F906B008DCED1 /* Project object */ = {
			isa = PBXProject;
			attributes = {
				LastUpgradeCheck = 0920;
				ORGANIZATIONNAME = "zhen mz";
				TargetAttributes = {
					9DDAA7D9214F906B008DCED1 = {
						CreatedOnToolsVersion = 9.2;
						ProvisioningStyle = Automatic;
					};
				};
			};
			buildConfigurationList = 9DDAA7D5214F906B008DCED1 /* Build configuration list for PBXProject "TimeDown" */;
			compatibilityVersion = "Xcode 8.0";
			developmentRegion = en;
			hasScannedForEncodings = 0;
			knownRegions = (
				en,
				Base,
			);
			mainGroup = 9DDAA7D1214F906B008DCED1;
			productRefGroup = 9DDAA7DB214F906B008DCED1 /* Products */;
			projectDirPath = "";
			projectRoot = "";
			targets = (
				9DDAA7D9214F906B008DCED1 /* TimeDown */,
			);
		};
/* End PBXProject section */

/* Begin PBXResourcesBuildPhase section */
		9DDAA7D8214F906B008DCED1 /* Resources */ = {
			isa = PBXResourcesBuildPhase;
			buildActionMask = 2147483647;
			files = (
				9DDAA814214FA9A4008DCED1 /* TwoViewController.xib in Resources */,
				9DDAA817214FA9A4008DCED1 /* TableViewCell.xib in Resources */,
				9DDAA7EA214F906B008DCED1 /* LaunchScreen.storyboard in Resources */,
				9DDAA7E7214F906B008DCED1 /* Assets.xcassets in Resources */,
				9DDAA819214FA9A4008DCED1 /* TwoTableViewCell.xib in Resources */,
			);
			runOnlyForDeploymentPostprocessing = 0;
		};
/* End PBXResourcesBuildPhase section */

/* Begin PBXSourcesBuildPhase section */
		9DDAA7D6214F906B008DCED1 /* Sources */ = {
			isa = PBXSourcesBuildPhase;
			buildActionMask = 2147483647;
			files = (
				9DDAA818214FA9A4008DCED1 /* TwoTableViewCell.m in Sources */,
				9DDAA7ED214F906B008DCED1 /* main.m in Sources */,
				9DDAA816214FA9A4008DCED1 /* TableViewCell.m in Sources */,
				9DDAA7F6214F90B2008DCED1 /* MZCountDownManager.m in Sources */,
				9DDAA7DF214F906B008DCED1 /* AppDelegate.m in Sources */,
				9DDAA813214FA9A4008DCED1 /* TwoViewController.m in Sources */,
				9DDAA815214FA9A4008DCED1 /* ViewController.m in Sources */,
			);
			runOnlyForDeploymentPostprocessing = 0;
		};
/* End PBXSourcesBuildPhase section */

/* Begin PBXVariantGroup section */
		9DDAA7E8214F906B008DCED1 /* LaunchScreen.storyboard */ = {
			isa = PBXVariantGroup;
			children = (
				9DDAA7E9214F906B008DCED1 /* Base */,
			);
			name = LaunchScreen.storyboard;
			sourceTree = "<group>";
		};
/* End PBXVariantGroup section */

/* Begin XCBuildConfiguration section */
		9DDAA7EE214F906B008DCED1 /* Debug */ = {
			isa = XCBuildConfiguration;
			buildSettings = {
				ALWAYS_SEARCH_USER_PATHS = NO;
				CLANG_ANALYZER_NONNULL = YES;
				CLANG_ANALYZER_NUMBER_OBJECT_CONVERSION = YES_AGGRESSIVE;
				CLANG_CXX_LANGUAGE_STANDARD = "gnu++14";
				CLANG_CXX_LIBRARY = "libc++";
				CLANG_ENABLE_MODULES = YES;
				CLANG_ENABLE_OBJC_ARC = YES;
				CLANG_WARN_BLOCK_CAPTURE_AUTORELEASING = YES;
				CLANG_WARN_BOOL_CONVERSION = YES;
				CLANG_WARN_COMMA = YES;
				CLANG_WARN_CONSTANT_CONVERSION = YES;
				CLANG_WARN_DIRECT_OBJC_ISA_USAGE = YES_ERROR;
				CLANG_WARN_DOCUMENTATION_COMMENTS = YES;
				CLANG_WARN_EMPTY_BODY = YES;
				CLANG_WARN_ENUM_CONVERSION = YES;
				CLANG_WARN_INFINITE_RECURSION = YES;
				CLANG_WARN_INT_CONVERSION = YES;
				CLANG_WARN_NON_LITERAL_NULL_CONVERSION = YES;
				CLANG_WARN_OBJC_LITERAL_CONVERSION = YES;
				CLANG_WARN_OBJC_ROOT_CLASS = YES_ERROR;
				CLANG_WARN_RANGE_LOOP_ANALYSIS = YES;
				CLANG_WARN_STRICT_PROTOTYPES = YES;
				CLANG_WARN_SUSPICIOUS_MOVE = YES;
				CLANG_WARN_UNGUARDED_AVAILABILITY = YES_AGGRESSIVE;
				CLANG_WARN_UNREACHABLE_CODE = YES;
				CLANG_WARN__DUPLICATE_METHOD_MATCH = YES;
				CODE_SIGN_IDENTITY = "iPhone Developer";
				COPY_PHASE_STRIP = NO;
				DEBUG_INFORMATION_FORMAT = dwarf;
				ENABLE_STRICT_OBJC_MSGSEND = YES;
				ENABLE_TESTABILITY = YES;
				GCC_C_LANGUAGE_STANDARD = gnu11;
				GCC_DYNAMIC_NO_PIC = NO;
				GCC_NO_COMMON_BLOCKS = YES;
				GCC_OPTIMIZATION_LEVEL = 0;
				GCC_PREPROCESSOR_DEFINITIONS = (
					"DEBUG=1",
					"$(inherited)",
				);
				GCC_WARN_64_TO_32_BIT_CONVERSION = YES;
				GCC_WARN_ABOUT_RETURN_TYPE = YES_ERROR;
				GCC_WARN_UNDECLARED_SELECTOR = YES;
				GCC_WARN_UNINITIALIZED_AUTOS = YES_AGGRESSIVE;
				GCC_WARN_UNUSED_FUNCTION = YES;
				GCC_WARN_UNUSED_VARIABLE = YES;
				IPHONEOS_DEPLOYMENT_TARGET = 11.2;
				MTL_ENABLE_DEBUG_INFO = YES;
				ONLY_ACTIVE_ARCH = YES;
				SDKROOT = iphoneos;
			};
			name = Debug;
		};
		9DDAA7EF214F906B008DCED1 /* Release */ = {
			isa = XCBuildConfiguration;
			buildSettings = {
				ALWAYS_SEARCH_USER_PATHS = NO;
				CLANG_ANALYZER_NONNULL = YES;
				CLANG_ANALYZER_NUMBER_OBJECT_CONVERSION = YES_AGGRESSIVE;
				CLANG_CXX_LANGUAGE_STANDARD = "gnu++14";
				CLANG_CXX_LIBRARY = "libc++";
				CLANG_ENABLE_MODULES = YES;
				CLANG_ENABLE_OBJC_ARC = YES;
				CLANG_WARN_BLOCK_CAPTURE_AUTORELEASING = YES;
				CLANG_WARN_BOOL_CONVERSION = YES;
				CLANG_WARN_COMMA = YES;
				CLANG_WARN_CONSTANT_CONVERSION = YES;
				CLANG_WARN_DIRECT_OBJC_ISA_USAGE = YES_ERROR;
				CLANG_WARN_DOCUMENTATION_COMMENTS = YES;
				CLANG_WARN_EMPTY_BODY = YES;
				CLANG_WARN_ENUM_CONVERSION = YES;
				CLANG_WARN_INFINITE_RECURSION = YES;
				CLANG_WARN_INT_CONVERSION = YES;
				CLANG_WARN_NON_LITERAL_NULL_CONVERSION = YES;
				CLANG_WARN_OBJC_LITERAL_CONVERSION = YES;
				CLANG_WARN_OBJC_ROOT_CLASS = YES_ERROR;
				CLANG_WARN_RANGE_LOOP_ANALYSIS = YES;
				CLANG_WARN_STRICT_PROTOTYPES = YES;
				CLANG_WARN_SUSPICIOUS_MOVE = YES;
				CLANG_WARN_UNGUARDED_AVAILABILITY = YES_AGGRESSIVE;
				CLANG_WARN_UNREACHABLE_CODE = YES;
				CLANG_WARN__DUPLICATE_METHOD_MATCH = YES;
				CODE_SIGN_IDENTITY = "iPhone Developer";
				COPY_PHASE_STRIP = NO;
				DEBUG_INFORMATION_FORMAT = "dwarf-with-dsym";
				ENABLE_NS_ASSERTIONS = NO;
				ENABLE_STRICT_OBJC_MSGSEND = YES;
				GCC_C_LANGUAGE_STANDARD = gnu11;
				GCC_NO_COMMON_BLOCKS = YES;
				GCC_WARN_64_TO_32_BIT_CONVERSION = YES;
				GCC_WARN_ABOUT_RETURN_TYPE = YES_ERROR;
				GCC_WARN_UNDECLARED_SELECTOR = YES;
				GCC_WARN_UNINITIALIZED_AUTOS = YES_AGGRESSIVE;
				GCC_WARN_UNUSED_FUNCTION = YES;
				GCC_WARN_UNUSED_VARIABLE = YES;
				IPHONEOS_DEPLOYMENT_TARGET = 11.2;
				MTL_ENABLE_DEBUG_INFO = NO;
				SDKROOT = iphoneos;
				VALIDATE_PRODUCT = YES;
			};
			name = Release;
		};
		9DDAA7F1214F906B008DCED1 /* Debug */ = {
			isa = XCBuildConfiguration;
			buildSettings = {
				ASSETCATALOG_COMPILER_APPICON_NAME = AppIcon;
				CODE_SIGN_STYLE = Automatic;
				DEVELOPMENT_TEAM = BX3N89YAX6;
				INFOPLIST_FILE = TimeDown/Info.plist;
				LD_RUNPATH_SEARCH_PATHS = "$(inherited) @executable_path/Frameworks";
				PRODUCT_BUNDLE_IDENTIFIER = com.miaozhen.TimeDown;
				PRODUCT_NAME = "$(TARGET_NAME)";
				TARGETED_DEVICE_FAMILY = "1,2";
			};
			name = Debug;
		};
		9DDAA7F2214F906B008DCED1 /* Release */ = {
			isa = XCBuildConfiguration;
			buildSettings = {
				ASSETCATALOG_COMPILER_APPICON_NAME = AppIcon;
				CODE_SIGN_STYLE = Automatic;
				DEVELOPMENT_TEAM = BX3N89YAX6;
				INFOPLIST_FILE = TimeDown/Info.plist;
				LD_RUNPATH_SEARCH_PATHS = "$(inherited) @executable_path/Frameworks";
				PRODUCT_BUNDLE_IDENTIFIER = com.miaozhen.TimeDown;
				PRODUCT_NAME = "$(TARGET_NAME)";
				TARGETED_DEVICE_FAMILY = "1,2";
			};
			name = Release;
		};
/* End XCBuildConfiguration section */

/* Begin XCConfigurationList section */
		9DDAA7D5214F906B008DCED1 /* Build configuration list for PBXProject "TimeDown" */ = {
			isa = XCConfigurationList;
			buildConfigurations = (
				9DDAA7EE214F906B008DCED1 /* Debug */,
				9DDAA7EF214F906B008DCED1 /* Release */,
			);
			defaultConfigurationIsVisible = 0;
			defaultConfigurationName = Release;
		};
		9DDAA7F0214F906B008DCED1 /* Build configuration list for PBXNativeTarget "TimeDown" */ = {
			isa = XCConfigurationList;
			buildConfigurations = (
				9DDAA7F1214F906B008DCED1 /* Debug */,
				9DDAA7F2214F906B008DCED1 /* Release */,
			);
			defaultConfigurationIsVisible = 0;
			defaultConfigurationName = Release;
		};
/* End XCConfigurationList section */
	};
	rootObject = 9DDAA7D2214F906B008DCED1 /* Project object */;
}
